
Microsoft Visual Studio Solution File, Format Version 12.00
# Visual Studio Version 17
VisualStudioVersion = 17.3.32901.215
MinimumVisualStudioVersion = 10.0.40219.1
Project("{FAE04EC0-301F-11D3-BF4B-00C04F79EFBC}") = "rmIndex", "rmIndex\rmIndex.csproj", "{956A27F9-9C6B-421A-9562-31084B895CF6}"
EndProject
Global
	GlobalSection(SolutionConfigurationPlatforms) = preSolution
		Debug|Any CPU = Debug|Any CPU
		Release|Any CPU = Release|Any CPU
	EndGlobalSection
	GlobalSection(ProjectConfigurationPlatforms) = postSolution
		{956A27F9-9C6B-421A-9562-31084B895CF6}.Debug|Any CPU.ActiveCfg = Debug|Any CPU
		{956A27F9-9C6B-421A-9562-31084B895CF6}.Debug|Any CPU.Build.0 = Debug|Any CPU
		{956A27F9-9C6B-421A-9562-31084B895CF6}.Release|Any CPU.ActiveCfg = Release|Any CPU
		{956A27F9-9C6B-421A-9562-31084B895CF6}.Release|Any CPU.Build.0 = Release|Any CPU
	EndGlobalSection
	GlobalSection(SolutionProperties) = preSolution
		HideSolutionNode = FALSE
	EndGlobalSection
	GlobalSection(ExtensibilityGlobals) = postSolution
		SolutionGuid = {A3B51007-3444-4EDC-AE35-441BBD1DA224}
	EndGlobalSection
EndGlobal
